
Microsoft Visual Studio Solution File, Format Version 12.00
# Visual Studio Version 17
VisualStudioVersion = 17.2.32519.379
MinimumVisualStudioVersion = 10.0.40219.1
Project("{FAE04EC0-301F-11D3-BF4B-00C04F79EFBC}") = "AulaDeControllers01", "AulaDeControllers01\AulaDeControllers01.csproj", "{59CD9D1F-DB78-4D1E-AB3A-7498241659AB}"
EndProject
Global
	GlobalSection(SolutionConfigurationPlatforms) = preSolution
		Debug|Any CPU = Debug|Any CPU
		Release|Any CPU = Release|Any CPU
	EndGlobalSection
	GlobalSection(ProjectConfigurationPlatforms) = postSolution
		{59CD9D1F-DB78-4D1E-AB3A-7498241659AB}.Debug|Any CPU.ActiveCfg = Debug|Any CPU
		{59CD9D1F-DB78-4D1E-AB3A-7498241659AB}.Debug|Any CPU.Build.0 = Debug|Any CPU
		{59CD9D1F-DB78-4D1E-AB3A-7498241659AB}.Release|Any CPU.ActiveCfg = Release|Any CPU
		{59CD9D1F-DB78-4D1E-AB3A-7498241659AB}.Release|Any CPU.Build.0 = Release|Any CPU
	EndGlobalSection
	GlobalSection(SolutionProperties) = preSolution
		HideSolutionNode = FALSE
	EndGlobalSection
	GlobalSection(ExtensibilityGlobals) = postSolution
		SolutionGuid = {7F8CAC24-EFE3-4C98-ACC4-1141D104A651}
	EndGlobalSection
EndGlobal
