
Microsoft Visual Studio Solution File, Format Version 12.00
# Visual Studio Version 17
VisualStudioVersion = 17.7.34221.43
MinimumVisualStudioVersion = 10.0.40219.1
Project("{FAE04EC0-301F-11D3-BF4B-00C04F79EFBC}") = "WebApiAuthenticationAndAuthorizationWithJwt", "WebApiAuthenticationAndAuthorizationWithJwt\WebApiAuthenticationAndAuthorizationWithJwt.csproj", "{F93C3004-A18F-486D-9F71-CDA83FFF5717}"
EndProject
Global
	GlobalSection(SolutionConfigurationPlatforms) = preSolution
		Debug|Any CPU = Debug|Any CPU
		Release|Any CPU = Release|Any CPU
	EndGlobalSection
	GlobalSection(ProjectConfigurationPlatforms) = postSolution
		{F93C3004-A18F-486D-9F71-CDA83FFF5717}.Debug|Any CPU.ActiveCfg = Debug|Any CPU
		{F93C3004-A18F-486D-9F71-CDA83FFF5717}.Debug|Any CPU.Build.0 = Debug|Any CPU
		{F93C3004-A18F-486D-9F71-CDA83FFF5717}.Release|Any CPU.ActiveCfg = Release|Any CPU
		{F93C3004-A18F-486D-9F71-CDA83FFF5717}.Release|Any CPU.Build.0 = Release|Any CPU
	EndGlobalSection
	GlobalSection(SolutionProperties) = preSolution
		HideSolutionNode = FALSE
	EndGlobalSection
	GlobalSection(ExtensibilityGlobals) = postSolution
		SolutionGuid = {25713CAE-3975-4E1E-9247-90D463C67297}
	EndGlobalSection
EndGlobal
