
Microsoft Visual Studio Solution File, Format Version 12.00
# Visual Studio Version 17
VisualStudioVersion = 17.2.32519.379
MinimumVisualStudioVersion = 10.0.40219.1
Project("{FAE04EC0-301F-11D3-BF4B-00C04F79EFBC}") = "primeira_avaliacao", "primeira_avaliacao.csproj", "{5FF1ABE5-184F-4B40-A25A-E55BBD880B44}"
EndProject
Global
	GlobalSection(SolutionConfigurationPlatforms) = preSolution
		Debug|Any CPU = Debug|Any CPU
		Release|Any CPU = Release|Any CPU
	EndGlobalSection
	GlobalSection(ProjectConfigurationPlatforms) = postSolution
		{5FF1ABE5-184F-4B40-A25A-E55BBD880B44}.Debug|Any CPU.ActiveCfg = Debug|Any CPU
		{5FF1ABE5-184F-4B40-A25A-E55BBD880B44}.Debug|Any CPU.Build.0 = Debug|Any CPU
		{5FF1ABE5-184F-4B40-A25A-E55BBD880B44}.Release|Any CPU.ActiveCfg = Release|Any CPU
		{5FF1ABE5-184F-4B40-A25A-E55BBD880B44}.Release|Any CPU.Build.0 = Release|Any CPU
	EndGlobalSection
	GlobalSection(SolutionProperties) = preSolution
		HideSolutionNode = FALSE
	EndGlobalSection
	GlobalSection(ExtensibilityGlobals) = postSolution
		SolutionGuid = {3AF6779A-4CE4-4D30-8BDB-5818C8CCEFAA}
	EndGlobalSection
EndGlobal
